
Microsoft Visual Studio Solution File, Format Version 12.00
# Visual Studio Version 17
VisualStudioVersion = 17.0.31903.59
MinimumVisualStudioVersion = 10.0.40219.1
Project("{2150E333-8FDC-42A3-9474-1A3956D46DE8}") = "src", "src", "{827E0CD3-B72D-47B6-A68D-7590B98EB39B}"
EndProject
Project("{FAE04EC0-301F-11D3-BF4B-00C04F79EFBC}") = "WebApi", "src\WebApi\WebApi.csproj", "{01388D79-E538-403A-B9C7-B3825D01659F}"
EndProject
Project("{FAE04EC0-301F-11D3-BF4B-00C04F79EFBC}") = "Domain", "src\Domain\Domain.csproj", "{1E09F7E5-A841-41EA-8576-6C584D9BDB8D}"
EndProject
Project("{FAE04EC0-301F-11D3-BF4B-00C04F79EFBC}") = "Infrastructure", "src\Infrastructure\Infrastructure.csproj", "{30743615-526B-4890-81E1-364B610D84C2}"
EndProject
Project("{FAE04EC0-301F-11D3-BF4B-00C04F79EFBC}") = "Application", "src\Application\Application.csproj", "{2130866D-25BC-405B-B072-467831E3F78F}"
EndProject
Global
	GlobalSection(SolutionConfigurationPlatforms) = preSolution
		Debug|Any CPU = Debug|Any CPU
		Debug|x64 = Debug|x64
		Debug|x86 = Debug|x86
		Release|Any CPU = Release|Any CPU
		Release|x64 = Release|x64
		Release|x86 = Release|x86
	EndGlobalSection
	GlobalSection(ProjectConfigurationPlatforms) = postSolution
		{01388D79-E538-403A-B9C7-B3825D01659F}.Debug|Any CPU.ActiveCfg = Debug|Any CPU
		{01388D79-E538-403A-B9C7-B3825D01659F}.Debug|Any CPU.Build.0 = Debug|Any CPU
		{01388D79-E538-403A-B9C7-B3825D01659F}.Debug|x64.ActiveCfg = Debug|Any CPU
		{01388D79-E538-403A-B9C7-B3825D01659F}.Debug|x64.Build.0 = Debug|Any CPU
		{01388D79-E538-403A-B9C7-B3825D01659F}.Debug|x86.ActiveCfg = Debug|Any CPU
		{01388D79-E538-403A-B9C7-B3825D01659F}.Debug|x86.Build.0 = Debug|Any CPU
		{01388D79-E538-403A-B9C7-B3825D01659F}.Release|Any CPU.ActiveCfg = Release|Any CPU
		{01388D79-E538-403A-B9C7-B3825D01659F}.Release|Any CPU.Build.0 = Release|Any CPU
		{01388D79-E538-403A-B9C7-B3825D01659F}.Release|x64.ActiveCfg = Release|Any CPU
		{01388D79-E538-403A-B9C7-B3825D01659F}.Release|x64.Build.0 = Release|Any CPU
		{01388D79-E538-403A-B9C7-B3825D01659F}.Release|x86.ActiveCfg = Release|Any CPU
		{01388D79-E538-403A-B9C7-B3825D01659F}.Release|x86.Build.0 = Release|Any CPU
		{1E09F7E5-A841-41EA-8576-6C584D9BDB8D}.Debug|Any CPU.ActiveCfg = Debug|Any CPU
		{1E09F7E5-A841-41EA-8576-6C584D9BDB8D}.Debug|Any CPU.Build.0 = Debug|Any CPU
		{1E09F7E5-A841-41EA-8576-6C584D9BDB8D}.Debug|x64.ActiveCfg = Debug|Any CPU
		{1E09F7E5-A841-41EA-8576-6C584D9BDB8D}.Debug|x64.Build.0 = Debug|Any CPU
		{1E09F7E5-A841-41EA-8576-6C584D9BDB8D}.Debug|x86.ActiveCfg = Debug|Any CPU
		{1E09F7E5-A841-41EA-8576-6C584D9BDB8D}.Debug|x86.Build.0 = Debug|Any CPU
		{1E09F7E5-A841-41EA-8576-6C584D9BDB8D}.Release|Any CPU.ActiveCfg = Release|Any CPU
		{1E09F7E5-A841-41EA-8576-6C584D9BDB8D}.Release|Any CPU.Build.0 = Release|Any CPU
		{1E09F7E5-A841-41EA-8576-6C584D9BDB8D}.Release|x64.ActiveCfg = Release|Any CPU
		{1E09F7E5-A841-41EA-8576-6C584D9BDB8D}.Release|x64.Build.0 = Release|Any CPU
		{1E09F7E5-A841-41EA-8576-6C584D9BDB8D}.Release|x86.ActiveCfg = Release|Any CPU
		{1E09F7E5-A841-41EA-8576-6C584D9BDB8D}.Release|x86.Build.0 = Release|Any CPU
		{30743615-526B-4890-81E1-364B610D84C2}.Debug|Any CPU.ActiveCfg = Debug|Any CPU
		{30743615-526B-4890-81E1-364B610D84C2}.Debug|Any CPU.Build.0 = Debug|Any CPU
		{30743615-526B-4890-81E1-364B610D84C2}.Debug|x64.ActiveCfg = Debug|Any CPU
		{30743615-526B-4890-81E1-364B610D84C2}.Debug|x64.Build.0 = Debug|Any CPU
		{30743615-526B-4890-81E1-364B610D84C2}.Debug|x86.ActiveCfg = Debug|Any CPU
		{30743615-526B-4890-81E1-364B610D84C2}.Debug|x86.Build.0 = Debug|Any CPU
		{30743615-526B-4890-81E1-364B610D84C2}.Release|Any CPU.ActiveCfg = Release|Any CPU
		{30743615-526B-4890-81E1-364B610D84C2}.Release|Any CPU.Build.0 = Release|Any CPU
		{30743615-526B-4890-81E1-364B610D84C2}.Release|x64.ActiveCfg = Release|Any CPU
		{30743615-526B-4890-81E1-364B610D84C2}.Release|x64.Build.0 = Release|Any CPU
		{30743615-526B-4890-81E1-364B610D84C2}.Release|x86.ActiveCfg = Release|Any CPU
		{30743615-526B-4890-81E1-364B610D84C2}.Release|x86.Build.0 = Release|Any CPU
		{2130866D-25BC-405B-B072-467831E3F78F}.Debug|Any CPU.ActiveCfg = Debug|Any CPU
		{2130866D-25BC-405B-B072-467831E3F78F}.Debug|Any CPU.Build.0 = Debug|Any CPU
		{2130866D-25BC-405B-B072-467831E3F78F}.Debug|x64.ActiveCfg = Debug|Any CPU
		{2130866D-25BC-405B-B072-467831E3F78F}.Debug|x64.Build.0 = Debug|Any CPU
		{2130866D-25BC-405B-B072-467831E3F78F}.Debug|x86.ActiveCfg = Debug|Any CPU
		{2130866D-25BC-405B-B072-467831E3F78F}.Debug|x86.Build.0 = Debug|Any CPU
		{2130866D-25BC-405B-B072-467831E3F78F}.Release|Any CPU.ActiveCfg = Release|Any CPU
		{2130866D-25BC-405B-B072-467831E3F78F}.Release|Any CPU.Build.0 = Release|Any CPU
		{2130866D-25BC-405B-B072-467831E3F78F}.Release|x64.ActiveCfg = Release|Any CPU
		{2130866D-25BC-405B-B072-467831E3F78F}.Release|x64.Build.0 = Release|Any CPU
		{2130866D-25BC-405B-B072-467831E3F78F}.Release|x86.ActiveCfg = Release|Any CPU
		{2130866D-25BC-405B-B072-467831E3F78F}.Release|x86.Build.0 = Release|Any CPU
	EndGlobalSection
	GlobalSection(SolutionProperties) = preSolution
		HideSolutionNode = FALSE
	EndGlobalSection
	GlobalSection(NestedProjects) = preSolution
		{01388D79-E538-403A-B9C7-B3825D01659F} = {827E0CD3-B72D-47B6-A68D-7590B98EB39B}
		{1E09F7E5-A841-41EA-8576-6C584D9BDB8D} = {827E0CD3-B72D-47B6-A68D-7590B98EB39B}
		{30743615-526B-4890-81E1-364B610D84C2} = {827E0CD3-B72D-47B6-A68D-7590B98EB39B}
		{2130866D-25BC-405B-B072-467831E3F78F} = {827E0CD3-B72D-47B6-A68D-7590B98EB39B}
	EndGlobalSection
EndGlobal
